
Microsoft Visual Studio Solution File, Format Version 12.00
# Visual Studio Version 16
VisualStudioVersion = 16.0.30413.136
MinimumVisualStudioVersion = 10.0.40219.1
Project("{2150E333-8FDC-42A3-9474-1A3956D46DE8}") = "src", "src", "{B859AC06-0A73-4CC6-895E-55000B215CC2}"
EndProject
Project("{9A19103F-16F7-4668-BE54-9A1E7A4F7556}") = "DDNSSharp", "src\DDNSSharp\DDNSSharp.csproj", "{B6792104-A78C-4F1E-BC81-EB6872A17853}"
EndProject
Project("{2150E333-8FDC-42A3-9474-1A3956D46DE8}") = "Providers", "Providers", "{D8A7E5E9-10F9-498D-B1D2-76CF991062A5}"
EndProject
Project("{FAE04EC0-301F-11D3-BF4B-00C04F79EFBC}") = "DDNSSharp.Providers.Aliyun", "src\Providers\DDNSSharp.Providers.Aliyun\DDNSSharp.Providers.Aliyun.csproj", "{042182A1-2431-46A1-A19A-14834C1DC309}"
EndProject
Project("{FAE04EC0-301F-11D3-BF4B-00C04F79EFBC}") = "DDNSSharp.Core", "src\DDNSSharp.Core\DDNSSharp.Core.csproj", "{2190FB6A-3CBD-4D6B-80C9-FB835163BD94}"
EndProject
Project("{FAE04EC0-301F-11D3-BF4B-00C04F79EFBC}") = "DDNSSharp.Providers.Cloudflare", "src\Providers\DDNSSharp.Providers.Cloudflare\DDNSSharp.Providers.Cloudflare.csproj", "{52EBB783-0D81-46CA-820D-FF9D689300A7}"
EndProject
Global
	GlobalSection(SolutionConfigurationPlatforms) = preSolution
		Debug|Any CPU = Debug|Any CPU
		Release|Any CPU = Release|Any CPU
	EndGlobalSection
	GlobalSection(ProjectConfigurationPlatforms) = postSolution
		{B6792104-A78C-4F1E-BC81-EB6872A17853}.Debug|Any CPU.ActiveCfg = Debug|Any CPU
		{B6792104-A78C-4F1E-BC81-EB6872A17853}.Debug|Any CPU.Build.0 = Debug|Any CPU
		{B6792104-A78C-4F1E-BC81-EB6872A17853}.Release|Any CPU.ActiveCfg = Release|Any CPU
		{B6792104-A78C-4F1E-BC81-EB6872A17853}.Release|Any CPU.Build.0 = Release|Any CPU
		{042182A1-2431-46A1-A19A-14834C1DC309}.Debug|Any CPU.ActiveCfg = Debug|Any CPU
		{042182A1-2431-46A1-A19A-14834C1DC309}.Debug|Any CPU.Build.0 = Debug|Any CPU
		{042182A1-2431-46A1-A19A-14834C1DC309}.Release|Any CPU.ActiveCfg = Release|Any CPU
		{042182A1-2431-46A1-A19A-14834C1DC309}.Release|Any CPU.Build.0 = Release|Any CPU
		{2190FB6A-3CBD-4D6B-80C9-FB835163BD94}.Debug|Any CPU.ActiveCfg = Debug|Any CPU
		{2190FB6A-3CBD-4D6B-80C9-FB835163BD94}.Debug|Any CPU.Build.0 = Debug|Any CPU
		{2190FB6A-3CBD-4D6B-80C9-FB835163BD94}.Release|Any CPU.ActiveCfg = Release|Any CPU
		{2190FB6A-3CBD-4D6B-80C9-FB835163BD94}.Release|Any CPU.Build.0 = Release|Any CPU
		{52EBB783-0D81-46CA-820D-FF9D689300A7}.Debug|Any CPU.ActiveCfg = Debug|Any CPU
		{52EBB783-0D81-46CA-820D-FF9D689300A7}.Debug|Any CPU.Build.0 = Debug|Any CPU
		{52EBB783-0D81-46CA-820D-FF9D689300A7}.Release|Any CPU.ActiveCfg = Release|Any CPU
		{52EBB783-0D81-46CA-820D-FF9D689300A7}.Release|Any CPU.Build.0 = Release|Any CPU
	EndGlobalSection
	GlobalSection(SolutionProperties) = preSolution
		HideSolutionNode = FALSE
	EndGlobalSection
	GlobalSection(NestedProjects) = preSolution
		{B6792104-A78C-4F1E-BC81-EB6872A17853} = {B859AC06-0A73-4CC6-895E-55000B215CC2}
		{D8A7E5E9-10F9-498D-B1D2-76CF991062A5} = {B859AC06-0A73-4CC6-895E-55000B215CC2}
		{042182A1-2431-46A1-A19A-14834C1DC309} = {D8A7E5E9-10F9-498D-B1D2-76CF991062A5}
		{2190FB6A-3CBD-4D6B-80C9-FB835163BD94} = {B859AC06-0A73-4CC6-895E-55000B215CC2}
		{52EBB783-0D81-46CA-820D-FF9D689300A7} = {D8A7E5E9-10F9-498D-B1D2-76CF991062A5}
	EndGlobalSection
	GlobalSection(ExtensibilityGlobals) = postSolution
		SolutionGuid = {5DCF9214-ACD2-46AD-8476-DB96A4B9529A}
	EndGlobalSection
EndGlobal
